
Microsoft Visual Studio Solution File, Format Version 12.00
# Visual Studio Version 17
VisualStudioVersion = 17.1.32210.238
MinimumVisualStudioVersion = 10.0.40219.1
Project("{2150E333-8FDC-42A3-9474-1A3956D46DE8}") = "FrontEnd", "FrontEnd", "{99A35F8A-7016-4E1A-8474-50205078B12D}"
EndProject
Project("{2150E333-8FDC-42A3-9474-1A3956D46DE8}") = "Services", "Services", "{435F7F91-D9A9-4571-B9BD-DC8A5F82B5B2}"
EndProject
Project("{9A19103F-16F7-4668-BE54-9A1E7A4F7556}") = "GeekShopping.Web", "GeekShooping.Web\GeekShopping.Web.csproj", "{7A7B6DD2-1420-42F6-B773-CCA8DC252F7B}"
EndProject
Project("{9A19103F-16F7-4668-BE54-9A1E7A4F7556}") = "GeekShopping.ProductAPI", "GeekShopping.ProductAPI\GeekShopping.ProductAPI.csproj", "{9527777A-264D-4BC1-A6F0-1E99779C7CE6}"
EndProject
Project("{2150E333-8FDC-42A3-9474-1A3956D46DE8}") = "Solution Items", "Solution Items", "{89AB1494-799F-4E10-925E-1EE96C55AEC4}"
	ProjectSection(SolutionItems) = preProject
		.editorconfig = .editorconfig
	EndProjectSection
EndProject
Project("{9A19103F-16F7-4668-BE54-9A1E7A4F7556}") = "GeekShopping.IdentityServer", "GeekShopping.IdentityServer\GeekShopping.IdentityServer.csproj", "{270BA283-56C3-47D5-88C8-9122BC62470B}"
EndProject
Project("{9A19103F-16F7-4668-BE54-9A1E7A4F7556}") = "GeekShopping.CartAPI", "GeekShopping.CartAPI\GeekShopping.CartAPI.csproj", "{9D44D9F6-0EFC-4417-9295-9037828D9161}"
EndProject
Project("{FAE04EC0-301F-11D3-BF4B-00C04F79EFBC}") = "GeekShopping.CouponAPI", "GeekShopping.CouponAPI\GeekShopping.CouponAPI.csproj", "{FF9EF5E6-2EF9-43DC-AE90-992F2E6F5D36}"
EndProject
Project("{2150E333-8FDC-42A3-9474-1A3956D46DE8}") = "Integration", "Integration", "{D6B41C8F-98DD-4E30-BE2F-F31EBC5BC4E6}"
EndProject
Project("{FAE04EC0-301F-11D3-BF4B-00C04F79EFBC}") = "GeekShopping.MessageBus", "GeekShopping.MessageBus\GeekShopping.MessageBus.csproj", "{CEAC082F-011C-4CB7-B086-235326BFB59D}"
EndProject
Global
	GlobalSection(SolutionConfigurationPlatforms) = preSolution
		Debug|Any CPU = Debug|Any CPU
		Release|Any CPU = Release|Any CPU
	EndGlobalSection
	GlobalSection(ProjectConfigurationPlatforms) = postSolution
		{7A7B6DD2-1420-42F6-B773-CCA8DC252F7B}.Debug|Any CPU.ActiveCfg = Debug|Any CPU
		{7A7B6DD2-1420-42F6-B773-CCA8DC252F7B}.Debug|Any CPU.Build.0 = Debug|Any CPU
		{7A7B6DD2-1420-42F6-B773-CCA8DC252F7B}.Release|Any CPU.ActiveCfg = Release|Any CPU
		{7A7B6DD2-1420-42F6-B773-CCA8DC252F7B}.Release|Any CPU.Build.0 = Release|Any CPU
		{9527777A-264D-4BC1-A6F0-1E99779C7CE6}.Debug|Any CPU.ActiveCfg = Debug|Any CPU
		{9527777A-264D-4BC1-A6F0-1E99779C7CE6}.Debug|Any CPU.Build.0 = Debug|Any CPU
		{9527777A-264D-4BC1-A6F0-1E99779C7CE6}.Release|Any CPU.ActiveCfg = Release|Any CPU
		{9527777A-264D-4BC1-A6F0-1E99779C7CE6}.Release|Any CPU.Build.0 = Release|Any CPU
		{270BA283-56C3-47D5-88C8-9122BC62470B}.Debug|Any CPU.ActiveCfg = Debug|Any CPU
		{270BA283-56C3-47D5-88C8-9122BC62470B}.Debug|Any CPU.Build.0 = Debug|Any CPU
		{270BA283-56C3-47D5-88C8-9122BC62470B}.Release|Any CPU.ActiveCfg = Release|Any CPU
		{270BA283-56C3-47D5-88C8-9122BC62470B}.Release|Any CPU.Build.0 = Release|Any CPU
		{9D44D9F6-0EFC-4417-9295-9037828D9161}.Debug|Any CPU.ActiveCfg = Debug|Any CPU
		{9D44D9F6-0EFC-4417-9295-9037828D9161}.Debug|Any CPU.Build.0 = Debug|Any CPU
		{9D44D9F6-0EFC-4417-9295-9037828D9161}.Release|Any CPU.ActiveCfg = Release|Any CPU
		{9D44D9F6-0EFC-4417-9295-9037828D9161}.Release|Any CPU.Build.0 = Release|Any CPU
		{FF9EF5E6-2EF9-43DC-AE90-992F2E6F5D36}.Debug|Any CPU.ActiveCfg = Debug|Any CPU
		{FF9EF5E6-2EF9-43DC-AE90-992F2E6F5D36}.Debug|Any CPU.Build.0 = Debug|Any CPU
		{FF9EF5E6-2EF9-43DC-AE90-992F2E6F5D36}.Release|Any CPU.ActiveCfg = Release|Any CPU
		{FF9EF5E6-2EF9-43DC-AE90-992F2E6F5D36}.Release|Any CPU.Build.0 = Release|Any CPU
		{CEAC082F-011C-4CB7-B086-235326BFB59D}.Debug|Any CPU.ActiveCfg = Debug|Any CPU
		{CEAC082F-011C-4CB7-B086-235326BFB59D}.Debug|Any CPU.Build.0 = Debug|Any CPU
		{CEAC082F-011C-4CB7-B086-235326BFB59D}.Release|Any CPU.ActiveCfg = Release|Any CPU
		{CEAC082F-011C-4CB7-B086-235326BFB59D}.Release|Any CPU.Build.0 = Release|Any CPU
	EndGlobalSection
	GlobalSection(SolutionProperties) = preSolution
		HideSolutionNode = FALSE
	EndGlobalSection
	GlobalSection(NestedProjects) = preSolution
		{7A7B6DD2-1420-42F6-B773-CCA8DC252F7B} = {99A35F8A-7016-4E1A-8474-50205078B12D}
		{9527777A-264D-4BC1-A6F0-1E99779C7CE6} = {435F7F91-D9A9-4571-B9BD-DC8A5F82B5B2}
		{270BA283-56C3-47D5-88C8-9122BC62470B} = {435F7F91-D9A9-4571-B9BD-DC8A5F82B5B2}
		{9D44D9F6-0EFC-4417-9295-9037828D9161} = {435F7F91-D9A9-4571-B9BD-DC8A5F82B5B2}
		{FF9EF5E6-2EF9-43DC-AE90-992F2E6F5D36} = {435F7F91-D9A9-4571-B9BD-DC8A5F82B5B2}
		{CEAC082F-011C-4CB7-B086-235326BFB59D} = {D6B41C8F-98DD-4E30-BE2F-F31EBC5BC4E6}
	EndGlobalSection
	GlobalSection(ExtensibilityGlobals) = postSolution
		SolutionGuid = {25C35301-2ABD-45DC-A65C-A9B30079B1F5}
	EndGlobalSection
EndGlobal
